
Microsoft Visual Studio Solution File, Format Version 12.00
# Visual Studio Version 17
VisualStudioVersion = 17.2.32630.192
MinimumVisualStudioVersion = 10.0.40219.1
Project("{9A19103F-16F7-4668-BE54-9A1E7A4F7556}") = "R5T.Z0071", "R5T.Z0071\R5T.Z0071.csproj", "{532B95B1-453C-403F-973D-1B8282CF5A5A}"
EndProject
Project("{9A19103F-16F7-4668-BE54-9A1E7A4F7556}") = "R5T.Z0071.Z000", "R5T.Z0071.Z000\R5T.Z0071.Z000.csproj", "{60276FD3-08E4-487F-A423-7CDCBE41EAF8}"
EndProject
Project("{2150E333-8FDC-42A3-9474-1A3956D46DE8}") = "_Dependencies", "_Dependencies", "{B4E2847D-3573-4B41-9031-E951A6152F47}"
EndProject
Project("{9A19103F-16F7-4668-BE54-9A1E7A4F7556}") = "R5T.F0000", "..\..\R5T.F0000\source\R5T.F0000\R5T.F0000.csproj", "{25E233E9-3733-42FE-A3F2-B16F660A07F9}"
EndProject
Project("{9A19103F-16F7-4668-BE54-9A1E7A4F7556}") = "R5T.F0002", "..\..\R5T.F0002\source\R5T.F0002\R5T.F0002.csproj", "{01ADCED1-C0BE-4C5C-AE7A-BB4ED9E4873A}"
EndProject
Project("{9A19103F-16F7-4668-BE54-9A1E7A4F7556}") = "R5T.F0059", "..\..\R5T.F0059\source\R5T.F0059\R5T.F0059.csproj", "{39545FE1-7F05-4C0F-B352-21802574762F}"
EndProject
Project("{9A19103F-16F7-4668-BE54-9A1E7A4F7556}") = "R5T.F0120", "..\..\R5T.F0120\source\R5T.F0120\R5T.F0120.csproj", "{FFC23890-F205-433C-BB07-6B41B18674EF}"
EndProject
Project("{9A19103F-16F7-4668-BE54-9A1E7A4F7556}") = "R5T.F0124", "..\..\R5T.F0124\source\R5T.F0124\R5T.F0124.csproj", "{E378F4B9-73D3-4993-AE96-D2AC9DDC1573}"
EndProject
Project("{9A19103F-16F7-4668-BE54-9A1E7A4F7556}") = "R5T.F0125", "..\..\R5T.F0125\source\R5T.F0125\R5T.F0125.csproj", "{6A3441B8-1CA2-433A-B498-72BD2B646A1B}"
EndProject
Project("{9A19103F-16F7-4668-BE54-9A1E7A4F7556}") = "R5T.L0030.T000", "..\..\R5T.L0030\source\R5T.L0030.T000\R5T.L0030.T000.csproj", "{C339F7AF-9DDD-4BFD-ADE0-EF234C55D840}"
EndProject
Project("{9A19103F-16F7-4668-BE54-9A1E7A4F7556}") = "R5T.L0030", "..\..\R5T.L0030\source\R5T.L0030\R5T.L0030.csproj", "{8B490AA1-EF8A-4A75-9F26-68F531EAB91E}"
EndProject
Project("{9A19103F-16F7-4668-BE54-9A1E7A4F7556}") = "R5T.L0034", "..\..\R5T.L0034\source\R5T.L0034\R5T.L0034.csproj", "{0BE9D327-3773-4C7E-A1C2-0382A6C7F65C}"
EndProject
Project("{9A19103F-16F7-4668-BE54-9A1E7A4F7556}") = "R5T.L0035", "..\..\R5T.L0035\source\R5T.L0035\R5T.L0035.csproj", "{8F7CBC8C-17B0-4F34-A22C-C65C29B0C6A3}"
EndProject
Project("{9A19103F-16F7-4668-BE54-9A1E7A4F7556}") = "R5T.L0053", "..\..\R5T.L0053\source\R5T.L0053\R5T.L0053.csproj", "{F14858C0-A9F6-4A16-A818-81CB7CF3617C}"
EndProject
Project("{9A19103F-16F7-4668-BE54-9A1E7A4F7556}") = "R5T.L0056", "..\..\R5T.L0056\source\R5T.L0056\R5T.L0056.csproj", "{2ED363CF-4ABD-499F-905B-43D1719183EA}"
EndProject
Project("{9A19103F-16F7-4668-BE54-9A1E7A4F7556}") = "R5T.L0066", "..\..\R5T.L0066\source\R5T.L0066\R5T.L0066.csproj", "{EA8AE65B-B921-41DC-974C-B6AD29E3AEB9}"
EndProject
Project("{9A19103F-16F7-4668-BE54-9A1E7A4F7556}") = "R5T.L0071", "..\..\R5T.L0071\source\R5T.L0071\R5T.L0071.csproj", "{FD55E762-F3CC-4CAD-8BC7-A85BA763DD6A}"
EndProject
Project("{9A19103F-16F7-4668-BE54-9A1E7A4F7556}") = "R5T.L0074", "..\..\R5T.L0074\source\R5T.L0074\R5T.L0074.csproj", "{1CABF55F-7C59-4AF2-B348-AAC3F393B205}"
EndProject
Project("{9A19103F-16F7-4668-BE54-9A1E7A4F7556}") = "R5T.L0089.F000", "..\..\R5T.L0089\source\R5T.L0089.F000\R5T.L0089.F000.csproj", "{02DBCC18-E080-4F5B-9CB6-2EEC0339A349}"
EndProject
Project("{9A19103F-16F7-4668-BE54-9A1E7A4F7556}") = "R5T.L0089.T000", "..\..\R5T.L0089\source\R5T.L0089.T000\R5T.L0089.T000.csproj", "{E5E86FC3-F499-4A62-BD6B-1F8AD82AF3B5}"
EndProject
Project("{9A19103F-16F7-4668-BE54-9A1E7A4F7556}") = "R5T.L0089", "..\..\R5T.L0089\source\R5T.L0089\R5T.L0089.csproj", "{0B6F536B-163E-484E-85A9-6A5477D7179F}"
EndProject
Project("{9A19103F-16F7-4668-BE54-9A1E7A4F7556}") = "R5T.NG0006", "..\..\R5T.NG0006\source\R5T.NG0006\R5T.NG0006.csproj", "{A99C5011-5CA1-4E80-9A6A-E9D5D384E018}"
EndProject
Project("{9A19103F-16F7-4668-BE54-9A1E7A4F7556}") = "R5T.NG0022", "..\..\R5T.NG0022\source\R5T.NG0022\R5T.NG0022.csproj", "{DD889EE7-DD29-482D-9DA5-0710F68623BE}"
EndProject
Project("{9A19103F-16F7-4668-BE54-9A1E7A4F7556}") = "R5T.T0131", "..\..\R5T.T0131\source\R5T.T0131\R5T.T0131.csproj", "{0C864CBA-5D9A-4C76-A3F6-0D61194663A1}"
EndProject
Project("{9A19103F-16F7-4668-BE54-9A1E7A4F7556}") = "R5T.T0132", "..\..\R5T.T0132\source\R5T.T0132\R5T.T0132.csproj", "{A5F927EB-D376-4067-9F80-BA0A6CE84556}"
EndProject
Project("{9A19103F-16F7-4668-BE54-9A1E7A4F7556}") = "R5T.T0142", "..\..\R5T.T0142\source\R5T.T0142\R5T.T0142.csproj", "{0B247501-06D8-4CE2-AA50-C3BE4509AD31}"
EndProject
Project("{9A19103F-16F7-4668-BE54-9A1E7A4F7556}") = "R5T.T0143", "..\..\R5T.T0143\source\R5T.T0143\R5T.T0143.csproj", "{5388BF7F-817A-46A4-B824-CCD1B722196D}"
EndProject
Project("{9A19103F-16F7-4668-BE54-9A1E7A4F7556}") = "R5T.T0150", "..\..\R5T.T0150\source\R5T.T0150\R5T.T0150.csproj", "{6BBE19B0-9806-4C8D-AFD7-3CBDFFFC383B}"
EndProject
Project("{9A19103F-16F7-4668-BE54-9A1E7A4F7556}") = "R5T.T0151", "..\..\R5T.T0151\source\R5T.T0151\R5T.T0151.csproj", "{A7DFFAF6-4061-4637-A87B-6BBCDA782890}"
EndProject
Project("{9A19103F-16F7-4668-BE54-9A1E7A4F7556}") = "R5T.T0156", "..\..\R5T.T0156\source\R5T.T0156\R5T.T0156.csproj", "{898216CF-F5EB-4D11-841F-721AEA614068}"
EndProject
Project("{9A19103F-16F7-4668-BE54-9A1E7A4F7556}") = "R5T.T0158", "..\..\R5T.T0158\source\R5T.T0158\R5T.T0158.csproj", "{53E54C03-B7EF-4E7D-8572-C9DEF530A62C}"
EndProject
Project("{9A19103F-16F7-4668-BE54-9A1E7A4F7556}") = "R5T.T0159", "..\..\R5T.T0159\source\R5T.T0159\R5T.T0159.csproj", "{DE6EA4C9-1FA7-4FC8-80C3-BB9E87F84FA6}"
EndProject
Project("{9A19103F-16F7-4668-BE54-9A1E7A4F7556}") = "R5T.T0172", "..\..\R5T.T0172\source\R5T.T0172\R5T.T0172.csproj", "{39D06EED-9507-4DF3-A069-CB59C251DBF1}"
EndProject
Project("{9A19103F-16F7-4668-BE54-9A1E7A4F7556}") = "R5T.T0174", "..\..\R5T.T0174\source\R5T.T0174\R5T.T0174.csproj", "{2CCE4328-72DE-4A32-87E6-9F5107E6A030}"
EndProject
Project("{9A19103F-16F7-4668-BE54-9A1E7A4F7556}") = "R5T.T0176", "..\..\R5T.T0176\source\R5T.T0176\R5T.T0176.csproj", "{7DEE7DA7-9F6E-4B79-8C1D-BF320A5303EA}"
EndProject
Project("{9A19103F-16F7-4668-BE54-9A1E7A4F7556}") = "R5T.T0177", "..\..\R5T.T0177\source\R5T.T0177\R5T.T0177.csproj", "{4ECF5364-0F40-4F90-A297-1AF3D46C45F7}"
EndProject
Project("{9A19103F-16F7-4668-BE54-9A1E7A4F7556}") = "R5T.T0178", "..\..\R5T.T0178\source\R5T.T0178\R5T.T0178.csproj", "{19F48A2A-59C5-41C0-83A9-8124447FCEDA}"
EndProject
Project("{9A19103F-16F7-4668-BE54-9A1E7A4F7556}") = "R5T.T0179", "..\..\R5T.T0179\source\R5T.T0179\R5T.T0179.csproj", "{4B5FE40C-CA49-44A8-889F-20EFA576DBE3}"
EndProject
Project("{9A19103F-16F7-4668-BE54-9A1E7A4F7556}") = "R5T.T0180", "..\..\R5T.T0180\source\R5T.T0180\R5T.T0180.csproj", "{2F73C2E9-1309-49EF-9B5F-4C0324315F2E}"
EndProject
Project("{9A19103F-16F7-4668-BE54-9A1E7A4F7556}") = "R5T.T0181", "..\..\R5T.T0181\source\R5T.T0181\R5T.T0181.csproj", "{3063E4AD-24C5-4945-B036-3809B1F9357D}"
EndProject
Project("{9A19103F-16F7-4668-BE54-9A1E7A4F7556}") = "R5T.T0185", "..\..\R5T.T0185\source\R5T.T0185\R5T.T0185.csproj", "{13CBBB8C-0223-40E3-8276-228EA2613775}"
EndProject
Project("{9A19103F-16F7-4668-BE54-9A1E7A4F7556}") = "R5T.T0199.T000", "..\..\R5T.T0199\source\R5T.T0199.T000\R5T.T0199.T000.csproj", "{3B488894-1C94-45E6-A368-6D3C9101F886}"
EndProject
Project("{9A19103F-16F7-4668-BE54-9A1E7A4F7556}") = "R5T.T0199.T001", "..\..\R5T.T0199\source\R5T.T0199.T001\R5T.T0199.T001.csproj", "{F4DCE05F-B3C3-493F-B8A8-FE917345C13E}"
EndProject
Project("{9A19103F-16F7-4668-BE54-9A1E7A4F7556}") = "R5T.T0199", "..\..\R5T.T0199\source\R5T.T0199\R5T.T0199.csproj", "{110035DD-71A7-417C-ADDF-35E5463F1BE8}"
EndProject
Project("{9A19103F-16F7-4668-BE54-9A1E7A4F7556}") = "R5T.T0203", "..\..\R5T.T0203\source\R5T.T0203\R5T.T0203.csproj", "{E613397A-2E22-4022-A3C3-40F2BDA7B3EE}"
EndProject
Project("{9A19103F-16F7-4668-BE54-9A1E7A4F7556}") = "R5T.T0213", "..\..\R5T.T0213\source\R5T.T0213\R5T.T0213.csproj", "{9DC54D20-8E55-4356-8A83-C509CBCA7C78}"
EndProject
Project("{9A19103F-16F7-4668-BE54-9A1E7A4F7556}") = "R5T.T0218", "..\..\R5T.T0218\source\R5T.T0218\R5T.T0218.csproj", "{B72EC54C-715A-4AD6-B3EF-09C477BE029A}"
EndProject
Project("{9A19103F-16F7-4668-BE54-9A1E7A4F7556}") = "R5T.T0219", "..\..\R5T.T0219\source\R5T.T0219\R5T.T0219.csproj", "{3B799484-5C21-44DF-A18A-FD89AF3E22C2}"
EndProject
Project("{9A19103F-16F7-4668-BE54-9A1E7A4F7556}") = "R5T.T0220", "..\..\R5T.T0220\source\R5T.T0220\R5T.T0220.csproj", "{D3FE6675-8B8B-40D4-BE26-4FBF1863050C}"
EndProject
Project("{9A19103F-16F7-4668-BE54-9A1E7A4F7556}") = "R5T.T0221", "..\..\R5T.T0221\source\R5T.T0221\R5T.T0221.csproj", "{9369F28C-EFEC-49BC-A01A-A295BF96B62B}"
EndProject
Project("{9A19103F-16F7-4668-BE54-9A1E7A4F7556}") = "R5T.T0227", "..\..\R5T.T0227\source\R5T.T0227\R5T.T0227.csproj", "{4B991DCC-3E61-4CFE-87A5-827E98E08CB3}"
EndProject
Project("{9A19103F-16F7-4668-BE54-9A1E7A4F7556}") = "R5T.T0241", "..\..\R5T.T0241\source\R5T.T0241\R5T.T0241.csproj", "{A1292011-E21C-4659-8D68-6BC5422BF7CC}"
EndProject
Project("{9A19103F-16F7-4668-BE54-9A1E7A4F7556}") = "R5T.Y0000", "..\..\R5T.Y0000\source\R5T.Y0000\R5T.Y0000.csproj", "{34ED1B4D-985F-4DC1-B593-ACEAA5500E13}"
EndProject
Project("{9A19103F-16F7-4668-BE54-9A1E7A4F7556}") = "R5T.Y0006", "..\..\R5T.Y0006\source\R5T.Y0006\R5T.Y0006.csproj", "{48AE3595-4729-44DF-A169-92989A1062B9}"
EndProject
Project("{9A19103F-16F7-4668-BE54-9A1E7A4F7556}") = "R5T.Z0000", "..\..\R5T.Z0000\source\R5T.Z0000\R5T.Z0000.csproj", "{63B06D39-75A1-42DE-899C-9475C64F7CDD}"
EndProject
Project("{9A19103F-16F7-4668-BE54-9A1E7A4F7556}") = "R5T.Z0010.Platform", "..\..\R5T.Z0010\source\R5T.Z0010.Platform\R5T.Z0010.Platform.csproj", "{6E9F56EA-AC2D-44F3-B5D9-E8B57E7141E9}"
EndProject
Project("{9A19103F-16F7-4668-BE54-9A1E7A4F7556}") = "R5T.Z0010", "..\..\R5T.Z0010\source\R5T.Z0010\R5T.Z0010.csproj", "{9F4989C1-BB6A-4B21-8F18-837B988B5182}"
EndProject
Project("{9A19103F-16F7-4668-BE54-9A1E7A4F7556}") = "R5T.Z0057.Platform", "..\..\R5T.Z0057\source\R5T.Z0057.Platform\R5T.Z0057.Platform.csproj", "{96CDA694-3D2D-4264-881D-206D79FD0BF8}"
EndProject
Project("{9A19103F-16F7-4668-BE54-9A1E7A4F7556}") = "R5T.Z0057", "..\..\R5T.Z0057\source\R5T.Z0057\R5T.Z0057.csproj", "{984CC69A-5716-47F2-81EB-7FA088F53AD8}"
EndProject
Project("{9A19103F-16F7-4668-BE54-9A1E7A4F7556}") = "R5T.Z0058", "..\..\R5T.Z0058\source\R5T.Z0058\R5T.Z0058.csproj", "{57491D07-FC57-4FA9-8CDA-F5DD6984D01A}"
EndProject
Project("{9A19103F-16F7-4668-BE54-9A1E7A4F7556}") = "R5T.Z0071.Z002", "R5T.Z0071.Z002\R5T.Z0071.Z002.csproj", "{4D1F0425-BF92-4A0B-B95F-9CAA99E1F503}"
EndProject
Project("{9A19103F-16F7-4668-BE54-9A1E7A4F7556}") = "R5T.Z0071.Z001", "R5T.Z0071.Z001\R5T.Z0071.Z001.csproj", "{A6CD9ADE-64BB-4074-901D-12B85B88DC2D}"
EndProject
Project("{9A19103F-16F7-4668-BE54-9A1E7A4F7556}") = "R5T.T0245", "..\..\R5T.T0245\source\R5T.T0245\R5T.T0245.csproj", "{6F8AC629-E94C-4B47-9EEA-DDB73885AEDC}"
EndProject
Project("{9A19103F-16F7-4668-BE54-9A1E7A4F7556}") = "R5T.T0252", "..\..\R5T.T0252\source\R5T.T0252\R5T.T0252.csproj", "{4A7ED061-BF7C-475A-BFD9-CD7CD2DA7DA7}"
EndProject
Project("{9A19103F-16F7-4668-BE54-9A1E7A4F7556}") = "R5T.Z0071.Z004", "R5T.Z0071.Z004\R5T.Z0071.Z004.csproj", "{07612AF3-ED18-46FF-8A0F-059F902AB7B1}"
EndProject
Global
	GlobalSection(SolutionConfigurationPlatforms) = preSolution
		Debug|Any CPU = Debug|Any CPU
		Release|Any CPU = Release|Any CPU
	EndGlobalSection
	GlobalSection(ProjectConfigurationPlatforms) = postSolution
		{532B95B1-453C-403F-973D-1B8282CF5A5A}.Debug|Any CPU.ActiveCfg = Debug|Any CPU
		{532B95B1-453C-403F-973D-1B8282CF5A5A}.Debug|Any CPU.Build.0 = Debug|Any CPU
		{532B95B1-453C-403F-973D-1B8282CF5A5A}.Release|Any CPU.ActiveCfg = Release|Any CPU
		{532B95B1-453C-403F-973D-1B8282CF5A5A}.Release|Any CPU.Build.0 = Release|Any CPU
		{60276FD3-08E4-487F-A423-7CDCBE41EAF8}.Debug|Any CPU.ActiveCfg = Debug|Any CPU
		{60276FD3-08E4-487F-A423-7CDCBE41EAF8}.Debug|Any CPU.Build.0 = Debug|Any CPU
		{60276FD3-08E4-487F-A423-7CDCBE41EAF8}.Release|Any CPU.ActiveCfg = Release|Any CPU
		{60276FD3-08E4-487F-A423-7CDCBE41EAF8}.Release|Any CPU.Build.0 = Release|Any CPU
		{25E233E9-3733-42FE-A3F2-B16F660A07F9}.Debug|Any CPU.ActiveCfg = Debug|Any CPU
		{25E233E9-3733-42FE-A3F2-B16F660A07F9}.Debug|Any CPU.Build.0 = Debug|Any CPU
		{25E233E9-3733-42FE-A3F2-B16F660A07F9}.Release|Any CPU.ActiveCfg = Release|Any CPU
		{25E233E9-3733-42FE-A3F2-B16F660A07F9}.Release|Any CPU.Build.0 = Release|Any CPU
		{01ADCED1-C0BE-4C5C-AE7A-BB4ED9E4873A}.Debug|Any CPU.ActiveCfg = Debug|Any CPU
		{01ADCED1-C0BE-4C5C-AE7A-BB4ED9E4873A}.Debug|Any CPU.Build.0 = Debug|Any CPU
		{01ADCED1-C0BE-4C5C-AE7A-BB4ED9E4873A}.Release|Any CPU.ActiveCfg = Release|Any CPU
		{01ADCED1-C0BE-4C5C-AE7A-BB4ED9E4873A}.Release|Any CPU.Build.0 = Release|Any CPU
		{39545FE1-7F05-4C0F-B352-21802574762F}.Debug|Any CPU.ActiveCfg = Debug|Any CPU
		{39545FE1-7F05-4C0F-B352-21802574762F}.Debug|Any CPU.Build.0 = Debug|Any CPU
		{39545FE1-7F05-4C0F-B352-21802574762F}.Release|Any CPU.ActiveCfg = Release|Any CPU
		{39545FE1-7F05-4C0F-B352-21802574762F}.Release|Any CPU.Build.0 = Release|Any CPU
		{FFC23890-F205-433C-BB07-6B41B18674EF}.Debug|Any CPU.ActiveCfg = Debug|Any CPU
		{FFC23890-F205-433C-BB07-6B41B18674EF}.Debug|Any CPU.Build.0 = Debug|Any CPU
		{FFC23890-F205-433C-BB07-6B41B18674EF}.Release|Any CPU.ActiveCfg = Release|Any CPU
		{FFC23890-F205-433C-BB07-6B41B18674EF}.Release|Any CPU.Build.0 = Release|Any CPU
		{E378F4B9-73D3-4993-AE96-D2AC9DDC1573}.Debug|Any CPU.ActiveCfg = Debug|Any CPU
		{E378F4B9-73D3-4993-AE96-D2AC9DDC1573}.Debug|Any CPU.Build.0 = Debug|Any CPU
		{E378F4B9-73D3-4993-AE96-D2AC9DDC1573}.Release|Any CPU.ActiveCfg = Release|Any CPU
		{E378F4B9-73D3-4993-AE96-D2AC9DDC1573}.Release|Any CPU.Build.0 = Release|Any CPU
		{6A3441B8-1CA2-433A-B498-72BD2B646A1B}.Debug|Any CPU.ActiveCfg = Debug|Any CPU
		{6A3441B8-1CA2-433A-B498-72BD2B646A1B}.Debug|Any CPU.Build.0 = Debug|Any CPU
		{6A3441B8-1CA2-433A-B498-72BD2B646A1B}.Release|Any CPU.ActiveCfg = Release|Any CPU
		{6A3441B8-1CA2-433A-B498-72BD2B646A1B}.Release|Any CPU.Build.0 = Release|Any CPU
		{C339F7AF-9DDD-4BFD-ADE0-EF234C55D840}.Debug|Any CPU.ActiveCfg = Debug|Any CPU
		{C339F7AF-9DDD-4BFD-ADE0-EF234C55D840}.Debug|Any CPU.Build.0 = Debug|Any CPU
		{C339F7AF-9DDD-4BFD-ADE0-EF234C55D840}.Release|Any CPU.ActiveCfg = Release|Any CPU
		{C339F7AF-9DDD-4BFD-ADE0-EF234C55D840}.Release|Any CPU.Build.0 = Release|Any CPU
		{8B490AA1-EF8A-4A75-9F26-68F531EAB91E}.Debug|Any CPU.ActiveCfg = Debug|Any CPU
		{8B490AA1-EF8A-4A75-9F26-68F531EAB91E}.Debug|Any CPU.Build.0 = Debug|Any CPU
		{8B490AA1-EF8A-4A75-9F26-68F531EAB91E}.Release|Any CPU.ActiveCfg = Release|Any CPU
		{8B490AA1-EF8A-4A75-9F26-68F531EAB91E}.Release|Any CPU.Build.0 = Release|Any CPU
		{0BE9D327-3773-4C7E-A1C2-0382A6C7F65C}.Debug|Any CPU.ActiveCfg = Debug|Any CPU
		{0BE9D327-3773-4C7E-A1C2-0382A6C7F65C}.Debug|Any CPU.Build.0 = Debug|Any CPU
		{0BE9D327-3773-4C7E-A1C2-0382A6C7F65C}.Release|Any CPU.ActiveCfg = Release|Any CPU
		{0BE9D327-3773-4C7E-A1C2-0382A6C7F65C}.Release|Any CPU.Build.0 = Release|Any CPU
		{8F7CBC8C-17B0-4F34-A22C-C65C29B0C6A3}.Debug|Any CPU.ActiveCfg = Debug|Any CPU
		{8F7CBC8C-17B0-4F34-A22C-C65C29B0C6A3}.Debug|Any CPU.Build.0 = Debug|Any CPU
		{8F7CBC8C-17B0-4F34-A22C-C65C29B0C6A3}.Release|Any CPU.ActiveCfg = Release|Any CPU
		{8F7CBC8C-17B0-4F34-A22C-C65C29B0C6A3}.Release|Any CPU.Build.0 = Release|Any CPU
		{F14858C0-A9F6-4A16-A818-81CB7CF3617C}.Debug|Any CPU.ActiveCfg = Debug|Any CPU
		{F14858C0-A9F6-4A16-A818-81CB7CF3617C}.Debug|Any CPU.Build.0 = Debug|Any CPU
		{F14858C0-A9F6-4A16-A818-81CB7CF3617C}.Release|Any CPU.ActiveCfg = Release|Any CPU
		{F14858C0-A9F6-4A16-A818-81CB7CF3617C}.Release|Any CPU.Build.0 = Release|Any CPU
		{2ED363CF-4ABD-499F-905B-43D1719183EA}.Debug|Any CPU.ActiveCfg = Debug|Any CPU
		{2ED363CF-4ABD-499F-905B-43D1719183EA}.Debug|Any CPU.Build.0 = Debug|Any CPU
		{2ED363CF-4ABD-499F-905B-43D1719183EA}.Release|Any CPU.ActiveCfg = Release|Any CPU
		{2ED363CF-4ABD-499F-905B-43D1719183EA}.Release|Any CPU.Build.0 = Release|Any CPU
		{EA8AE65B-B921-41DC-974C-B6AD29E3AEB9}.Debug|Any CPU.ActiveCfg = Debug|Any CPU
		{EA8AE65B-B921-41DC-974C-B6AD29E3AEB9}.Debug|Any CPU.Build.0 = Debug|Any CPU
		{EA8AE65B-B921-41DC-974C-B6AD29E3AEB9}.Release|Any CPU.ActiveCfg = Release|Any CPU
		{EA8AE65B-B921-41DC-974C-B6AD29E3AEB9}.Release|Any CPU.Build.0 = Release|Any CPU
		{FD55E762-F3CC-4CAD-8BC7-A85BA763DD6A}.Debug|Any CPU.ActiveCfg = Debug|Any CPU
		{FD55E762-F3CC-4CAD-8BC7-A85BA763DD6A}.Debug|Any CPU.Build.0 = Debug|Any CPU
		{FD55E762-F3CC-4CAD-8BC7-A85BA763DD6A}.Release|Any CPU.ActiveCfg = Release|Any CPU
		{FD55E762-F3CC-4CAD-8BC7-A85BA763DD6A}.Release|Any CPU.Build.0 = Release|Any CPU
		{1CABF55F-7C59-4AF2-B348-AAC3F393B205}.Debug|Any CPU.ActiveCfg = Debug|Any CPU
		{1CABF55F-7C59-4AF2-B348-AAC3F393B205}.Debug|Any CPU.Build.0 = Debug|Any CPU
		{1CABF55F-7C59-4AF2-B348-AAC3F393B205}.Release|Any CPU.ActiveCfg = Release|Any CPU
		{1CABF55F-7C59-4AF2-B348-AAC3F393B205}.Release|Any CPU.Build.0 = Release|Any CPU
		{02DBCC18-E080-4F5B-9CB6-2EEC0339A349}.Debug|Any CPU.ActiveCfg = Debug|Any CPU
		{02DBCC18-E080-4F5B-9CB6-2EEC0339A349}.Debug|Any CPU.Build.0 = Debug|Any CPU
		{02DBCC18-E080-4F5B-9CB6-2EEC0339A349}.Release|Any CPU.ActiveCfg = Release|Any CPU
		{02DBCC18-E080-4F5B-9CB6-2EEC0339A349}.Release|Any CPU.Build.0 = Release|Any CPU
		{E5E86FC3-F499-4A62-BD6B-1F8AD82AF3B5}.Debug|Any CPU.ActiveCfg = Debug|Any CPU
		{E5E86FC3-F499-4A62-BD6B-1F8AD82AF3B5}.Debug|Any CPU.Build.0 = Debug|Any CPU
		{E5E86FC3-F499-4A62-BD6B-1F8AD82AF3B5}.Release|Any CPU.ActiveCfg = Release|Any CPU
		{E5E86FC3-F499-4A62-BD6B-1F8AD82AF3B5}.Release|Any CPU.Build.0 = Release|Any CPU
		{0B6F536B-163E-484E-85A9-6A5477D7179F}.Debug|Any CPU.ActiveCfg = Debug|Any CPU
		{0B6F536B-163E-484E-85A9-6A5477D7179F}.Debug|Any CPU.Build.0 = Debug|Any CPU
		{0B6F536B-163E-484E-85A9-6A5477D7179F}.Release|Any CPU.ActiveCfg = Release|Any CPU
		{0B6F536B-163E-484E-85A9-6A5477D7179F}.Release|Any CPU.Build.0 = Release|Any CPU
		{A99C5011-5CA1-4E80-9A6A-E9D5D384E018}.Debug|Any CPU.ActiveCfg = Debug|Any CPU
		{A99C5011-5CA1-4E80-9A6A-E9D5D384E018}.Debug|Any CPU.Build.0 = Debug|Any CPU
		{A99C5011-5CA1-4E80-9A6A-E9D5D384E018}.Release|Any CPU.ActiveCfg = Release|Any CPU
		{A99C5011-5CA1-4E80-9A6A-E9D5D384E018}.Release|Any CPU.Build.0 = Release|Any CPU
		{DD889EE7-DD29-482D-9DA5-0710F68623BE}.Debug|Any CPU.ActiveCfg = Debug|Any CPU
		{DD889EE7-DD29-482D-9DA5-0710F68623BE}.Debug|Any CPU.Build.0 = Debug|Any CPU
		{DD889EE7-DD29-482D-9DA5-0710F68623BE}.Release|Any CPU.ActiveCfg = Release|Any CPU
		{DD889EE7-DD29-482D-9DA5-0710F68623BE}.Release|Any CPU.Build.0 = Release|Any CPU
		{0C864CBA-5D9A-4C76-A3F6-0D61194663A1}.Debug|Any CPU.ActiveCfg = Debug|Any CPU
		{0C864CBA-5D9A-4C76-A3F6-0D61194663A1}.Debug|Any CPU.Build.0 = Debug|Any CPU
		{0C864CBA-5D9A-4C76-A3F6-0D61194663A1}.Release|Any CPU.ActiveCfg = Release|Any CPU
		{0C864CBA-5D9A-4C76-A3F6-0D61194663A1}.Release|Any CPU.Build.0 = Release|Any CPU
		{A5F927EB-D376-4067-9F80-BA0A6CE84556}.Debug|Any CPU.ActiveCfg = Debug|Any CPU
		{A5F927EB-D376-4067-9F80-BA0A6CE84556}.Debug|Any CPU.Build.0 = Debug|Any CPU
		{A5F927EB-D376-4067-9F80-BA0A6CE84556}.Release|Any CPU.ActiveCfg = Release|Any CPU
		{A5F927EB-D376-4067-9F80-BA0A6CE84556}.Release|Any CPU.Build.0 = Release|Any CPU
		{0B247501-06D8-4CE2-AA50-C3BE4509AD31}.Debug|Any CPU.ActiveCfg = Debug|Any CPU
		{0B247501-06D8-4CE2-AA50-C3BE4509AD31}.Debug|Any CPU.Build.0 = Debug|Any CPU
		{0B247501-06D8-4CE2-AA50-C3BE4509AD31}.Release|Any CPU.ActiveCfg = Release|Any CPU
		{0B247501-06D8-4CE2-AA50-C3BE4509AD31}.Release|Any CPU.Build.0 = Release|Any CPU
		{5388BF7F-817A-46A4-B824-CCD1B722196D}.Debug|Any CPU.ActiveCfg = Debug|Any CPU
		{5388BF7F-817A-46A4-B824-CCD1B722196D}.Debug|Any CPU.Build.0 = Debug|Any CPU
		{5388BF7F-817A-46A4-B824-CCD1B722196D}.Release|Any CPU.ActiveCfg = Release|Any CPU
		{5388BF7F-817A-46A4-B824-CCD1B722196D}.Release|Any CPU.Build.0 = Release|Any CPU
		{6BBE19B0-9806-4C8D-AFD7-3CBDFFFC383B}.Debug|Any CPU.ActiveCfg = Debug|Any CPU
		{6BBE19B0-9806-4C8D-AFD7-3CBDFFFC383B}.Debug|Any CPU.Build.0 = Debug|Any CPU
		{6BBE19B0-9806-4C8D-AFD7-3CBDFFFC383B}.Release|Any CPU.ActiveCfg = Release|Any CPU
		{6BBE19B0-9806-4C8D-AFD7-3CBDFFFC383B}.Release|Any CPU.Build.0 = Release|Any CPU
		{A7DFFAF6-4061-4637-A87B-6BBCDA782890}.Debug|Any CPU.ActiveCfg = Debug|Any CPU
		{A7DFFAF6-4061-4637-A87B-6BBCDA782890}.Debug|Any CPU.Build.0 = Debug|Any CPU
		{A7DFFAF6-4061-4637-A87B-6BBCDA782890}.Release|Any CPU.ActiveCfg = Release|Any CPU
		{A7DFFAF6-4061-4637-A87B-6BBCDA782890}.Release|Any CPU.Build.0 = Release|Any CPU
		{898216CF-F5EB-4D11-841F-721AEA614068}.Debug|Any CPU.ActiveCfg = Debug|Any CPU
		{898216CF-F5EB-4D11-841F-721AEA614068}.Debug|Any CPU.Build.0 = Debug|Any CPU
		{898216CF-F5EB-4D11-841F-721AEA614068}.Release|Any CPU.ActiveCfg = Release|Any CPU
		{898216CF-F5EB-4D11-841F-721AEA614068}.Release|Any CPU.Build.0 = Release|Any CPU
		{53E54C03-B7EF-4E7D-8572-C9DEF530A62C}.Debug|Any CPU.ActiveCfg = Debug|Any CPU
		{53E54C03-B7EF-4E7D-8572-C9DEF530A62C}.Debug|Any CPU.Build.0 = Debug|Any CPU
		{53E54C03-B7EF-4E7D-8572-C9DEF530A62C}.Release|Any CPU.ActiveCfg = Release|Any CPU
		{53E54C03-B7EF-4E7D-8572-C9DEF530A62C}.Release|Any CPU.Build.0 = Release|Any CPU
		{DE6EA4C9-1FA7-4FC8-80C3-BB9E87F84FA6}.Debug|Any CPU.ActiveCfg = Debug|Any CPU
		{DE6EA4C9-1FA7-4FC8-80C3-BB9E87F84FA6}.Debug|Any CPU.Build.0 = Debug|Any CPU
		{DE6EA4C9-1FA7-4FC8-80C3-BB9E87F84FA6}.Release|Any CPU.ActiveCfg = Release|Any CPU
		{DE6EA4C9-1FA7-4FC8-80C3-BB9E87F84FA6}.Release|Any CPU.Build.0 = Release|Any CPU
		{39D06EED-9507-4DF3-A069-CB59C251DBF1}.Debug|Any CPU.ActiveCfg = Debug|Any CPU
		{39D06EED-9507-4DF3-A069-CB59C251DBF1}.Debug|Any CPU.Build.0 = Debug|Any CPU
		{39D06EED-9507-4DF3-A069-CB59C251DBF1}.Release|Any CPU.ActiveCfg = Release|Any CPU
		{39D06EED-9507-4DF3-A069-CB59C251DBF1}.Release|Any CPU.Build.0 = Release|Any CPU
		{2CCE4328-72DE-4A32-87E6-9F5107E6A030}.Debug|Any CPU.ActiveCfg = Debug|Any CPU
		{2CCE4328-72DE-4A32-87E6-9F5107E6A030}.Debug|Any CPU.Build.0 = Debug|Any CPU
		{2CCE4328-72DE-4A32-87E6-9F5107E6A030}.Release|Any CPU.ActiveCfg = Release|Any CPU
		{2CCE4328-72DE-4A32-87E6-9F5107E6A030}.Release|Any CPU.Build.0 = Release|Any CPU
		{7DEE7DA7-9F6E-4B79-8C1D-BF320A5303EA}.Debug|Any CPU.ActiveCfg = Debug|Any CPU
		{7DEE7DA7-9F6E-4B79-8C1D-BF320A5303EA}.Debug|Any CPU.Build.0 = Debug|Any CPU
		{7DEE7DA7-9F6E-4B79-8C1D-BF320A5303EA}.Release|Any CPU.ActiveCfg = Release|Any CPU
		{7DEE7DA7-9F6E-4B79-8C1D-BF320A5303EA}.Release|Any CPU.Build.0 = Release|Any CPU
		{4ECF5364-0F40-4F90-A297-1AF3D46C45F7}.Debug|Any CPU.ActiveCfg = Debug|Any CPU
		{4ECF5364-0F40-4F90-A297-1AF3D46C45F7}.Debug|Any CPU.Build.0 = Debug|Any CPU
		{4ECF5364-0F40-4F90-A297-1AF3D46C45F7}.Release|Any CPU.ActiveCfg = Release|Any CPU
		{4ECF5364-0F40-4F90-A297-1AF3D46C45F7}.Release|Any CPU.Build.0 = Release|Any CPU
		{19F48A2A-59C5-41C0-83A9-8124447FCEDA}.Debug|Any CPU.ActiveCfg = Debug|Any CPU
		{19F48A2A-59C5-41C0-83A9-8124447FCEDA}.Debug|Any CPU.Build.0 = Debug|Any CPU
		{19F48A2A-59C5-41C0-83A9-8124447FCEDA}.Release|Any CPU.ActiveCfg = Release|Any CPU
		{19F48A2A-59C5-41C0-83A9-8124447FCEDA}.Release|Any CPU.Build.0 = Release|Any CPU
		{4B5FE40C-CA49-44A8-889F-20EFA576DBE3}.Debug|Any CPU.ActiveCfg = Debug|Any CPU
		{4B5FE40C-CA49-44A8-889F-20EFA576DBE3}.Debug|Any CPU.Build.0 = Debug|Any CPU
		{4B5FE40C-CA49-44A8-889F-20EFA576DBE3}.Release|Any CPU.ActiveCfg = Release|Any CPU
		{4B5FE40C-CA49-44A8-889F-20EFA576DBE3}.Release|Any CPU.Build.0 = Release|Any CPU
		{2F73C2E9-1309-49EF-9B5F-4C0324315F2E}.Debug|Any CPU.ActiveCfg = Debug|Any CPU
		{2F73C2E9-1309-49EF-9B5F-4C0324315F2E}.Debug|Any CPU.Build.0 = Debug|Any CPU
		{2F73C2E9-1309-49EF-9B5F-4C0324315F2E}.Release|Any CPU.ActiveCfg = Release|Any CPU
		{2F73C2E9-1309-49EF-9B5F-4C0324315F2E}.Release|Any CPU.Build.0 = Release|Any CPU
		{3063E4AD-24C5-4945-B036-3809B1F9357D}.Debug|Any CPU.ActiveCfg = Debug|Any CPU
		{3063E4AD-24C5-4945-B036-3809B1F9357D}.Debug|Any CPU.Build.0 = Debug|Any CPU
		{3063E4AD-24C5-4945-B036-3809B1F9357D}.Release|Any CPU.ActiveCfg = Release|Any CPU
		{3063E4AD-24C5-4945-B036-3809B1F9357D}.Release|Any CPU.Build.0 = Release|Any CPU
		{13CBBB8C-0223-40E3-8276-228EA2613775}.Debug|Any CPU.ActiveCfg = Debug|Any CPU
		{13CBBB8C-0223-40E3-8276-228EA2613775}.Debug|Any CPU.Build.0 = Debug|Any CPU
		{13CBBB8C-0223-40E3-8276-228EA2613775}.Release|Any CPU.ActiveCfg = Release|Any CPU
		{13CBBB8C-0223-40E3-8276-228EA2613775}.Release|Any CPU.Build.0 = Release|Any CPU
		{3B488894-1C94-45E6-A368-6D3C9101F886}.Debug|Any CPU.ActiveCfg = Debug|Any CPU
		{3B488894-1C94-45E6-A368-6D3C9101F886}.Debug|Any CPU.Build.0 = Debug|Any CPU
		{3B488894-1C94-45E6-A368-6D3C9101F886}.Release|Any CPU.ActiveCfg = Release|Any CPU
		{3B488894-1C94-45E6-A368-6D3C9101F886}.Release|Any CPU.Build.0 = Release|Any CPU
		{F4DCE05F-B3C3-493F-B8A8-FE917345C13E}.Debug|Any CPU.ActiveCfg = Debug|Any CPU
		{F4DCE05F-B3C3-493F-B8A8-FE917345C13E}.Debug|Any CPU.Build.0 = Debug|Any CPU
		{F4DCE05F-B3C3-493F-B8A8-FE917345C13E}.Release|Any CPU.ActiveCfg = Release|Any CPU
		{F4DCE05F-B3C3-493F-B8A8-FE917345C13E}.Release|Any CPU.Build.0 = Release|Any CPU
		{110035DD-71A7-417C-ADDF-35E5463F1BE8}.Debug|Any CPU.ActiveCfg = Debug|Any CPU
		{110035DD-71A7-417C-ADDF-35E5463F1BE8}.Debug|Any CPU.Build.0 = Debug|Any CPU
		{110035DD-71A7-417C-ADDF-35E5463F1BE8}.Release|Any CPU.ActiveCfg = Release|Any CPU
		{110035DD-71A7-417C-ADDF-35E5463F1BE8}.Release|Any CPU.Build.0 = Release|Any CPU
		{E613397A-2E22-4022-A3C3-40F2BDA7B3EE}.Debug|Any CPU.ActiveCfg = Debug|Any CPU
		{E613397A-2E22-4022-A3C3-40F2BDA7B3EE}.Debug|Any CPU.Build.0 = Debug|Any CPU
		{E613397A-2E22-4022-A3C3-40F2BDA7B3EE}.Release|Any CPU.ActiveCfg = Release|Any CPU
		{E613397A-2E22-4022-A3C3-40F2BDA7B3EE}.Release|Any CPU.Build.0 = Release|Any CPU
		{9DC54D20-8E55-4356-8A83-C509CBCA7C78}.Debug|Any CPU.ActiveCfg = Debug|Any CPU
		{9DC54D20-8E55-4356-8A83-C509CBCA7C78}.Debug|Any CPU.Build.0 = Debug|Any CPU
		{9DC54D20-8E55-4356-8A83-C509CBCA7C78}.Release|Any CPU.ActiveCfg = Release|Any CPU
		{9DC54D20-8E55-4356-8A83-C509CBCA7C78}.Release|Any CPU.Build.0 = Release|Any CPU
		{B72EC54C-715A-4AD6-B3EF-09C477BE029A}.Debug|Any CPU.ActiveCfg = Debug|Any CPU
		{B72EC54C-715A-4AD6-B3EF-09C477BE029A}.Debug|Any CPU.Build.0 = Debug|Any CPU
		{B72EC54C-715A-4AD6-B3EF-09C477BE029A}.Release|Any CPU.ActiveCfg = Release|Any CPU
		{B72EC54C-715A-4AD6-B3EF-09C477BE029A}.Release|Any CPU.Build.0 = Release|Any CPU
		{3B799484-5C21-44DF-A18A-FD89AF3E22C2}.Debug|Any CPU.ActiveCfg = Debug|Any CPU
		{3B799484-5C21-44DF-A18A-FD89AF3E22C2}.Debug|Any CPU.Build.0 = Debug|Any CPU
		{3B799484-5C21-44DF-A18A-FD89AF3E22C2}.Release|Any CPU.ActiveCfg = Release|Any CPU
		{3B799484-5C21-44DF-A18A-FD89AF3E22C2}.Release|Any CPU.Build.0 = Release|Any CPU
		{D3FE6675-8B8B-40D4-BE26-4FBF1863050C}.Debug|Any CPU.ActiveCfg = Debug|Any CPU
		{D3FE6675-8B8B-40D4-BE26-4FBF1863050C}.Debug|Any CPU.Build.0 = Debug|Any CPU
		{D3FE6675-8B8B-40D4-BE26-4FBF1863050C}.Release|Any CPU.ActiveCfg = Release|Any CPU
		{D3FE6675-8B8B-40D4-BE26-4FBF1863050C}.Release|Any CPU.Build.0 = Release|Any CPU
		{9369F28C-EFEC-49BC-A01A-A295BF96B62B}.Debug|Any CPU.ActiveCfg = Debug|Any CPU
		{9369F28C-EFEC-49BC-A01A-A295BF96B62B}.Debug|Any CPU.Build.0 = Debug|Any CPU
		{9369F28C-EFEC-49BC-A01A-A295BF96B62B}.Release|Any CPU.ActiveCfg = Release|Any CPU
		{9369F28C-EFEC-49BC-A01A-A295BF96B62B}.Release|Any CPU.Build.0 = Release|Any CPU
		{4B991DCC-3E61-4CFE-87A5-827E98E08CB3}.Debug|Any CPU.ActiveCfg = Debug|Any CPU
		{4B991DCC-3E61-4CFE-87A5-827E98E08CB3}.Debug|Any CPU.Build.0 = Debug|Any CPU
		{4B991DCC-3E61-4CFE-87A5-827E98E08CB3}.Release|Any CPU.ActiveCfg = Release|Any CPU
		{4B991DCC-3E61-4CFE-87A5-827E98E08CB3}.Release|Any CPU.Build.0 = Release|Any CPU
		{A1292011-E21C-4659-8D68-6BC5422BF7CC}.Debug|Any CPU.ActiveCfg = Debug|Any CPU
		{A1292011-E21C-4659-8D68-6BC5422BF7CC}.Debug|Any CPU.Build.0 = Debug|Any CPU
		{A1292011-E21C-4659-8D68-6BC5422BF7CC}.Release|Any CPU.ActiveCfg = Release|Any CPU
		{A1292011-E21C-4659-8D68-6BC5422BF7CC}.Release|Any CPU.Build.0 = Release|Any CPU
		{34ED1B4D-985F-4DC1-B593-ACEAA5500E13}.Debug|Any CPU.ActiveCfg = Debug|Any CPU
		{34ED1B4D-985F-4DC1-B593-ACEAA5500E13}.Debug|Any CPU.Build.0 = Debug|Any CPU
		{34ED1B4D-985F-4DC1-B593-ACEAA5500E13}.Release|Any CPU.ActiveCfg = Release|Any CPU
		{34ED1B4D-985F-4DC1-B593-ACEAA5500E13}.Release|Any CPU.Build.0 = Release|Any CPU
		{48AE3595-4729-44DF-A169-92989A1062B9}.Debug|Any CPU.ActiveCfg = Debug|Any CPU
		{48AE3595-4729-44DF-A169-92989A1062B9}.Debug|Any CPU.Build.0 = Debug|Any CPU
		{48AE3595-4729-44DF-A169-92989A1062B9}.Release|Any CPU.ActiveCfg = Release|Any CPU
		{48AE3595-4729-44DF-A169-92989A1062B9}.Release|Any CPU.Build.0 = Release|Any CPU
		{63B06D39-75A1-42DE-899C-9475C64F7CDD}.Debug|Any CPU.ActiveCfg = Debug|Any CPU
		{63B06D39-75A1-42DE-899C-9475C64F7CDD}.Debug|Any CPU.Build.0 = Debug|Any CPU
		{63B06D39-75A1-42DE-899C-9475C64F7CDD}.Release|Any CPU.ActiveCfg = Release|Any CPU
		{63B06D39-75A1-42DE-899C-9475C64F7CDD}.Release|Any CPU.Build.0 = Release|Any CPU
		{6E9F56EA-AC2D-44F3-B5D9-E8B57E7141E9}.Debug|Any CPU.ActiveCfg = Debug|Any CPU
		{6E9F56EA-AC2D-44F3-B5D9-E8B57E7141E9}.Debug|Any CPU.Build.0 = Debug|Any CPU
		{6E9F56EA-AC2D-44F3-B5D9-E8B57E7141E9}.Release|Any CPU.ActiveCfg = Release|Any CPU
		{6E9F56EA-AC2D-44F3-B5D9-E8B57E7141E9}.Release|Any CPU.Build.0 = Release|Any CPU
		{9F4989C1-BB6A-4B21-8F18-837B988B5182}.Debug|Any CPU.ActiveCfg = Debug|Any CPU
		{9F4989C1-BB6A-4B21-8F18-837B988B5182}.Debug|Any CPU.Build.0 = Debug|Any CPU
		{9F4989C1-BB6A-4B21-8F18-837B988B5182}.Release|Any CPU.ActiveCfg = Release|Any CPU
		{9F4989C1-BB6A-4B21-8F18-837B988B5182}.Release|Any CPU.Build.0 = Release|Any CPU
		{96CDA694-3D2D-4264-881D-206D79FD0BF8}.Debug|Any CPU.ActiveCfg = Debug|Any CPU
		{96CDA694-3D2D-4264-881D-206D79FD0BF8}.Debug|Any CPU.Build.0 = Debug|Any CPU
		{96CDA694-3D2D-4264-881D-206D79FD0BF8}.Release|Any CPU.ActiveCfg = Release|Any CPU
		{96CDA694-3D2D-4264-881D-206D79FD0BF8}.Release|Any CPU.Build.0 = Release|Any CPU
		{984CC69A-5716-47F2-81EB-7FA088F53AD8}.Debug|Any CPU.ActiveCfg = Debug|Any CPU
		{984CC69A-5716-47F2-81EB-7FA088F53AD8}.Debug|Any CPU.Build.0 = Debug|Any CPU
		{984CC69A-5716-47F2-81EB-7FA088F53AD8}.Release|Any CPU.ActiveCfg = Release|Any CPU
		{984CC69A-5716-47F2-81EB-7FA088F53AD8}.Release|Any CPU.Build.0 = Release|Any CPU
		{57491D07-FC57-4FA9-8CDA-F5DD6984D01A}.Debug|Any CPU.ActiveCfg = Debug|Any CPU
		{57491D07-FC57-4FA9-8CDA-F5DD6984D01A}.Debug|Any CPU.Build.0 = Debug|Any CPU
		{57491D07-FC57-4FA9-8CDA-F5DD6984D01A}.Release|Any CPU.ActiveCfg = Release|Any CPU
		{57491D07-FC57-4FA9-8CDA-F5DD6984D01A}.Release|Any CPU.Build.0 = Release|Any CPU
		{4D1F0425-BF92-4A0B-B95F-9CAA99E1F503}.Debug|Any CPU.ActiveCfg = Debug|Any CPU
		{4D1F0425-BF92-4A0B-B95F-9CAA99E1F503}.Debug|Any CPU.Build.0 = Debug|Any CPU
		{4D1F0425-BF92-4A0B-B95F-9CAA99E1F503}.Release|Any CPU.ActiveCfg = Release|Any CPU
		{4D1F0425-BF92-4A0B-B95F-9CAA99E1F503}.Release|Any CPU.Build.0 = Release|Any CPU
		{A6CD9ADE-64BB-4074-901D-12B85B88DC2D}.Debug|Any CPU.ActiveCfg = Debug|Any CPU
		{A6CD9ADE-64BB-4074-901D-12B85B88DC2D}.Debug|Any CPU.Build.0 = Debug|Any CPU
		{A6CD9ADE-64BB-4074-901D-12B85B88DC2D}.Release|Any CPU.ActiveCfg = Release|Any CPU
		{A6CD9ADE-64BB-4074-901D-12B85B88DC2D}.Release|Any CPU.Build.0 = Release|Any CPU
		{6F8AC629-E94C-4B47-9EEA-DDB73885AEDC}.Debug|Any CPU.ActiveCfg = Debug|Any CPU
		{6F8AC629-E94C-4B47-9EEA-DDB73885AEDC}.Debug|Any CPU.Build.0 = Debug|Any CPU
		{6F8AC629-E94C-4B47-9EEA-DDB73885AEDC}.Release|Any CPU.ActiveCfg = Release|Any CPU
		{6F8AC629-E94C-4B47-9EEA-DDB73885AEDC}.Release|Any CPU.Build.0 = Release|Any CPU
		{4A7ED061-BF7C-475A-BFD9-CD7CD2DA7DA7}.Debug|Any CPU.ActiveCfg = Debug|Any CPU
		{4A7ED061-BF7C-475A-BFD9-CD7CD2DA7DA7}.Debug|Any CPU.Build.0 = Debug|Any CPU
		{4A7ED061-BF7C-475A-BFD9-CD7CD2DA7DA7}.Release|Any CPU.ActiveCfg = Release|Any CPU
		{4A7ED061-BF7C-475A-BFD9-CD7CD2DA7DA7}.Release|Any CPU.Build.0 = Release|Any CPU
		{07612AF3-ED18-46FF-8A0F-059F902AB7B1}.Debug|Any CPU.ActiveCfg = Debug|Any CPU
		{07612AF3-ED18-46FF-8A0F-059F902AB7B1}.Debug|Any CPU.Build.0 = Debug|Any CPU
		{07612AF3-ED18-46FF-8A0F-059F902AB7B1}.Release|Any CPU.ActiveCfg = Release|Any CPU
		{07612AF3-ED18-46FF-8A0F-059F902AB7B1}.Release|Any CPU.Build.0 = Release|Any CPU
	EndGlobalSection
	GlobalSection(SolutionProperties) = preSolution
		HideSolutionNode = FALSE
	EndGlobalSection
	GlobalSection(NestedProjects) = preSolution
		{25E233E9-3733-42FE-A3F2-B16F660A07F9} = {B4E2847D-3573-4B41-9031-E951A6152F47}
		{01ADCED1-C0BE-4C5C-AE7A-BB4ED9E4873A} = {B4E2847D-3573-4B41-9031-E951A6152F47}
		{39545FE1-7F05-4C0F-B352-21802574762F} = {B4E2847D-3573-4B41-9031-E951A6152F47}
		{FFC23890-F205-433C-BB07-6B41B18674EF} = {B4E2847D-3573-4B41-9031-E951A6152F47}
		{E378F4B9-73D3-4993-AE96-D2AC9DDC1573} = {B4E2847D-3573-4B41-9031-E951A6152F47}
		{6A3441B8-1CA2-433A-B498-72BD2B646A1B} = {B4E2847D-3573-4B41-9031-E951A6152F47}
		{C339F7AF-9DDD-4BFD-ADE0-EF234C55D840} = {B4E2847D-3573-4B41-9031-E951A6152F47}
		{8B490AA1-EF8A-4A75-9F26-68F531EAB91E} = {B4E2847D-3573-4B41-9031-E951A6152F47}
		{0BE9D327-3773-4C7E-A1C2-0382A6C7F65C} = {B4E2847D-3573-4B41-9031-E951A6152F47}
		{8F7CBC8C-17B0-4F34-A22C-C65C29B0C6A3} = {B4E2847D-3573-4B41-9031-E951A6152F47}
		{F14858C0-A9F6-4A16-A818-81CB7CF3617C} = {B4E2847D-3573-4B41-9031-E951A6152F47}
		{2ED363CF-4ABD-499F-905B-43D1719183EA} = {B4E2847D-3573-4B41-9031-E951A6152F47}
		{EA8AE65B-B921-41DC-974C-B6AD29E3AEB9} = {B4E2847D-3573-4B41-9031-E951A6152F47}
		{FD55E762-F3CC-4CAD-8BC7-A85BA763DD6A} = {B4E2847D-3573-4B41-9031-E951A6152F47}
		{1CABF55F-7C59-4AF2-B348-AAC3F393B205} = {B4E2847D-3573-4B41-9031-E951A6152F47}
		{02DBCC18-E080-4F5B-9CB6-2EEC0339A349} = {B4E2847D-3573-4B41-9031-E951A6152F47}
		{E5E86FC3-F499-4A62-BD6B-1F8AD82AF3B5} = {B4E2847D-3573-4B41-9031-E951A6152F47}
		{0B6F536B-163E-484E-85A9-6A5477D7179F} = {B4E2847D-3573-4B41-9031-E951A6152F47}
		{A99C5011-5CA1-4E80-9A6A-E9D5D384E018} = {B4E2847D-3573-4B41-9031-E951A6152F47}
		{DD889EE7-DD29-482D-9DA5-0710F68623BE} = {B4E2847D-3573-4B41-9031-E951A6152F47}
		{0C864CBA-5D9A-4C76-A3F6-0D61194663A1} = {B4E2847D-3573-4B41-9031-E951A6152F47}
		{A5F927EB-D376-4067-9F80-BA0A6CE84556} = {B4E2847D-3573-4B41-9031-E951A6152F47}
		{0B247501-06D8-4CE2-AA50-C3BE4509AD31} = {B4E2847D-3573-4B41-9031-E951A6152F47}
		{5388BF7F-817A-46A4-B824-CCD1B722196D} = {B4E2847D-3573-4B41-9031-E951A6152F47}
		{6BBE19B0-9806-4C8D-AFD7-3CBDFFFC383B} = {B4E2847D-3573-4B41-9031-E951A6152F47}
		{A7DFFAF6-4061-4637-A87B-6BBCDA782890} = {B4E2847D-3573-4B41-9031-E951A6152F47}
		{898216CF-F5EB-4D11-841F-721AEA614068} = {B4E2847D-3573-4B41-9031-E951A6152F47}
		{53E54C03-B7EF-4E7D-8572-C9DEF530A62C} = {B4E2847D-3573-4B41-9031-E951A6152F47}
		{DE6EA4C9-1FA7-4FC8-80C3-BB9E87F84FA6} = {B4E2847D-3573-4B41-9031-E951A6152F47}
		{39D06EED-9507-4DF3-A069-CB59C251DBF1} = {B4E2847D-3573-4B41-9031-E951A6152F47}
		{2CCE4328-72DE-4A32-87E6-9F5107E6A030} = {B4E2847D-3573-4B41-9031-E951A6152F47}
		{7DEE7DA7-9F6E-4B79-8C1D-BF320A5303EA} = {B4E2847D-3573-4B41-9031-E951A6152F47}
		{4ECF5364-0F40-4F90-A297-1AF3D46C45F7} = {B4E2847D-3573-4B41-9031-E951A6152F47}
		{19F48A2A-59C5-41C0-83A9-8124447FCEDA} = {B4E2847D-3573-4B41-9031-E951A6152F47}
		{4B5FE40C-CA49-44A8-889F-20EFA576DBE3} = {B4E2847D-3573-4B41-9031-E951A6152F47}
		{2F73C2E9-1309-49EF-9B5F-4C0324315F2E} = {B4E2847D-3573-4B41-9031-E951A6152F47}
		{3063E4AD-24C5-4945-B036-3809B1F9357D} = {B4E2847D-3573-4B41-9031-E951A6152F47}
		{13CBBB8C-0223-40E3-8276-228EA2613775} = {B4E2847D-3573-4B41-9031-E951A6152F47}
		{3B488894-1C94-45E6-A368-6D3C9101F886} = {B4E2847D-3573-4B41-9031-E951A6152F47}
		{F4DCE05F-B3C3-493F-B8A8-FE917345C13E} = {B4E2847D-3573-4B41-9031-E951A6152F47}
		{110035DD-71A7-417C-ADDF-35E5463F1BE8} = {B4E2847D-3573-4B41-9031-E951A6152F47}
		{E613397A-2E22-4022-A3C3-40F2BDA7B3EE} = {B4E2847D-3573-4B41-9031-E951A6152F47}
		{9DC54D20-8E55-4356-8A83-C509CBCA7C78} = {B4E2847D-3573-4B41-9031-E951A6152F47}
		{B72EC54C-715A-4AD6-B3EF-09C477BE029A} = {B4E2847D-3573-4B41-9031-E951A6152F47}
		{3B799484-5C21-44DF-A18A-FD89AF3E22C2} = {B4E2847D-3573-4B41-9031-E951A6152F47}
		{D3FE6675-8B8B-40D4-BE26-4FBF1863050C} = {B4E2847D-3573-4B41-9031-E951A6152F47}
		{9369F28C-EFEC-49BC-A01A-A295BF96B62B} = {B4E2847D-3573-4B41-9031-E951A6152F47}
		{4B991DCC-3E61-4CFE-87A5-827E98E08CB3} = {B4E2847D-3573-4B41-9031-E951A6152F47}
		{A1292011-E21C-4659-8D68-6BC5422BF7CC} = {B4E2847D-3573-4B41-9031-E951A6152F47}
		{34ED1B4D-985F-4DC1-B593-ACEAA5500E13} = {B4E2847D-3573-4B41-9031-E951A6152F47}
		{48AE3595-4729-44DF-A169-92989A1062B9} = {B4E2847D-3573-4B41-9031-E951A6152F47}
		{63B06D39-75A1-42DE-899C-9475C64F7CDD} = {B4E2847D-3573-4B41-9031-E951A6152F47}
		{6E9F56EA-AC2D-44F3-B5D9-E8B57E7141E9} = {B4E2847D-3573-4B41-9031-E951A6152F47}
		{9F4989C1-BB6A-4B21-8F18-837B988B5182} = {B4E2847D-3573-4B41-9031-E951A6152F47}
		{96CDA694-3D2D-4264-881D-206D79FD0BF8} = {B4E2847D-3573-4B41-9031-E951A6152F47}
		{984CC69A-5716-47F2-81EB-7FA088F53AD8} = {B4E2847D-3573-4B41-9031-E951A6152F47}
		{57491D07-FC57-4FA9-8CDA-F5DD6984D01A} = {B4E2847D-3573-4B41-9031-E951A6152F47}
		{6F8AC629-E94C-4B47-9EEA-DDB73885AEDC} = {B4E2847D-3573-4B41-9031-E951A6152F47}
		{4A7ED061-BF7C-475A-BFD9-CD7CD2DA7DA7} = {B4E2847D-3573-4B41-9031-E951A6152F47}
	EndGlobalSection
	GlobalSection(ExtensibilityGlobals) = postSolution
		SolutionGuid = {B7970BEE-660E-43A0-8E7E-087259E8C97C}
	EndGlobalSection
EndGlobal
